// !$*UTF8*$!
{
	archiveVersion = 1;
	classes = {
	};
	objectVersion = 50;
	objects = {

/* Begin PBXBuildFile section */
		1196DB852373112A006E6860 /* AppDelegate.m in Sources */ = {isa = PBXBuildFile; fileRef = 1196DB842373112A006E6860 /* AppDelegate.m */; };
		1196DB8E2373112A006E6860 /* Main.storyboard in Resources */ = {isa = PBXBuildFile; fileRef = 1196DB8C2373112A006E6860 /* Main.storyboard */; };
		1196DB902373112F006E6860 /* Assets.xcassets in Resources */ = {isa = PBXBuildFile; fileRef = 1196DB8F2373112F006E6860 /* Assets.xcassets */; };
		1196DB932373112F006E6860 /* LaunchScreen.storyboard in Resources */ = {isa = PBXBuildFile; fileRef = 1196DB912373112F006E6860 /* LaunchScreen.storyboard */; };
		1196DB962373112F006E6860 /* main.m in Sources */ = {isa = PBXBuildFile; fileRef = 1196DB952373112F006E6860 /* main.m */; };
		1196DB9E2373143B006E6860 /* LivePlayEntranceViewController.m in Sources */ = {isa = PBXBuildFile; fileRef = 1196DB9D2373143B006E6860 /* LivePlayEntranceViewController.m */; };
		1196DBA12373144A006E6860 /* LivePlayViewController.m in Sources */ = {isa = PBXBuildFile; fileRef = 1196DBA02373144A006E6860 /* LivePlayViewController.m */; };
		860E914B236829CA00324D49 /* AppDelegate.swift in Sources */ = {isa = PBXBuildFile; fileRef = 860E914A236829CA00324D49 /* AppDelegate.swift */; };
		860E914F236829CA00324D49 /* LivePlayEntranceViewController.swift in Sources */ = {isa = PBXBuildFile; fileRef = 860E914E236829CA00324D49 /* LivePlayEntranceViewController.swift */; };
		860E9152236829CB00324D49 /* Main.storyboard in Resources */ = {isa = PBXBuildFile; fileRef = 860E9150236829CB00324D49 /* Main.storyboard */; };
		860E9154236829CB00324D49 /* Assets.xcassets in Resources */ = {isa = PBXBuildFile; fileRef = 860E9153236829CB00324D49 /* Assets.xcassets */; };
		860E9157236829CB00324D49 /* LaunchScreen.storyboard in Resources */ = {isa = PBXBuildFile; fileRef = 860E9155236829CB00324D49 /* LaunchScreen.storyboard */; };
		860E916423682CA500324D49 /* DbyVideoChatViewController.swift in Sources */ = {isa = PBXBuildFile; fileRef = 860E916323682CA500324D49 /* DbyVideoChatViewController.swift */; };
		860E91662368422B00324D49 /* KeyCenter.swift in Sources */ = {isa = PBXBuildFile; fileRef = 860E91652368422B00324D49 /* KeyCenter.swift */; };
		860E91682368445100324D49 /* Pods_DbyPaas_Demo.framework in Embed Frameworks */ = {isa = PBXBuildFile; fileRef = 06457E02B233CA1B6FEFA90F /* Pods_DbyPaas_Demo.framework */; settings = {ATTRIBUTES = (CodeSignOnCopy, RemoveHeadersOnCopy, ); }; };
		860E91A723696EE700324D49 /* PlaybackManager.swift in Sources */ = {isa = PBXBuildFile; fileRef = 860E91A623696EE700324D49 /* PlaybackManager.swift */; };
		860E91AD2369751100324D49 /* DbyPlaybackViewController.swift in Sources */ = {isa = PBXBuildFile; fileRef = 860E91AC2369751100324D49 /* DbyPlaybackViewController.swift */; };
		860E91AF2369755F00324D49 /* PlayControlBar.swift in Sources */ = {isa = PBXBuildFile; fileRef = 860E91AE2369755F00324D49 /* PlayControlBar.swift */; };
		860E91B22369783100324D49 /* ChatTableViewCell.xib in Resources */ = {isa = PBXBuildFile; fileRef = 860E91B02369783100324D49 /* ChatTableViewCell.xib */; };
		860E91B32369783100324D49 /* ChatTableViewCell.swift in Sources */ = {isa = PBXBuildFile; fileRef = 860E91B12369783100324D49 /* ChatTableViewCell.swift */; };
		860E91B62369789900324D49 /* DbyPaasHelper.swift in Sources */ = {isa = PBXBuildFile; fileRef = 860E91B52369789900324D49 /* DbyPaasHelper.swift */; };
		860E91B9236979B800324D49 /* VideoCollectionViewCell.swift in Sources */ = {isa = PBXBuildFile; fileRef = 860E91B7236979B800324D49 /* VideoCollectionViewCell.swift */; };
		860E91BA236979B800324D49 /* VideoCollectionViewCell.xib in Resources */ = {isa = PBXBuildFile; fileRef = 860E91B8236979B800324D49 /* VideoCollectionViewCell.xib */; };
		860E91BC23697A3D00324D49 /* DbyPlaybackEntranceViewController.swift in Sources */ = {isa = PBXBuildFile; fileRef = 860E91BB23697A3D00324D49 /* DbyPlaybackEntranceViewController.swift */; };
		86E6FBB52373ABF9009BC657 /* DbyUserModel.m in Sources */ = {isa = PBXBuildFile; fileRef = 86E6FBB42373ABF9009BC657 /* DbyUserModel.m */; };
		86E6FBB82373AEF7009BC657 /* LivePlayHelper.m in Sources */ = {isa = PBXBuildFile; fileRef = 86E6FBB72373AEF7009BC657 /* LivePlayHelper.m */; };
		A99801595D00FD8EDB11F970 /* Pods_DbyPaas_DbyPaas_Demo.framework in Frameworks */ = {isa = PBXBuildFile; fileRef = E2947C07CE2526716D30F603 /* Pods_DbyPaas_DbyPaas_Demo.framework */; };
		B1A9E4F643450F70887B28DB /* Pods_DbyPaas_DbyPaas_Demo_OC.framework in Frameworks */ = {isa = PBXBuildFile; fileRef = 514659DF9F70FF1CAEC018E0 /* Pods_DbyPaas_DbyPaas_Demo_OC.framework */; };
/* End PBXBuildFile section */

/* Begin PBXCopyFilesBuildPhase section */
		860E916223682A0000324D49 /* Embed Frameworks */ = {
			isa = PBXCopyFilesBuildPhase;
			buildActionMask = 2147483647;
			dstPath = "";
			dstSubfolderSpec = 10;
			files = (
				860E91682368445100324D49 /* Pods_DbyPaas_Demo.framework in Embed Frameworks */,
			);
			name = "Embed Frameworks";
			runOnlyForDeploymentPostprocessing = 0;
		};
/* End PBXCopyFilesBuildPhase section */

/* Begin PBXFileReference section */
		06457E02B233CA1B6FEFA90F /* Pods_DbyPaas_Demo.framework */ = {isa = PBXFileReference; explicitFileType = wrapper.framework; includeInIndex = 0; path = Pods_DbyPaas_Demo.framework; sourceTree = BUILT_PRODUCTS_DIR; };
		1196DB812373112A006E6860 /* DbyPaas_Demo_OC.app */ = {isa = PBXFileReference; explicitFileType = wrapper.application; includeInIndex = 0; path = DbyPaas_Demo_OC.app; sourceTree = BUILT_PRODUCTS_DIR; };
		1196DB832373112A006E6860 /* AppDelegate.h */ = {isa = PBXFileReference; lastKnownFileType = sourcecode.c.h; path = AppDelegate.h; sourceTree = "<group>"; };
		1196DB842373112A006E6860 /* AppDelegate.m */ = {isa = PBXFileReference; lastKnownFileType = sourcecode.c.objc; path = AppDelegate.m; sourceTree = "<group>"; };
		1196DB8D2373112A006E6860 /* Base */ = {isa = PBXFileReference; lastKnownFileType = file.storyboard; name = Base; path = Base.lproj/Main.storyboard; sourceTree = "<group>"; };
		1196DB8F2373112F006E6860 /* Assets.xcassets */ = {isa = PBXFileReference; lastKnownFileType = folder.assetcatalog; path = Assets.xcassets; sourceTree = "<group>"; };
		1196DB922373112F006E6860 /* Base */ = {isa = PBXFileReference; lastKnownFileType = file.storyboard; name = Base; path = Base.lproj/LaunchScreen.storyboard; sourceTree = "<group>"; };
		1196DB942373112F006E6860 /* Info.plist */ = {isa = PBXFileReference; lastKnownFileType = text.plist.xml; path = Info.plist; sourceTree = "<group>"; };
		1196DB952373112F006E6860 /* main.m */ = {isa = PBXFileReference; lastKnownFileType = sourcecode.c.objc; path = main.m; sourceTree = "<group>"; };
		1196DB9C2373143B006E6860 /* LivePlayEntranceViewController.h */ = {isa = PBXFileReference; lastKnownFileType = sourcecode.c.h; path = LivePlayEntranceViewController.h; sourceTree = "<group>"; };
		1196DB9D2373143B006E6860 /* LivePlayEntranceViewController.m */ = {isa = PBXFileReference; lastKnownFileType = sourcecode.c.objc; path = LivePlayEntranceViewController.m; sourceTree = "<group>"; };
		1196DB9F2373144A006E6860 /* LivePlayViewController.h */ = {isa = PBXFileReference; lastKnownFileType = sourcecode.c.h; path = LivePlayViewController.h; sourceTree = "<group>"; };
		1196DBA02373144A006E6860 /* LivePlayViewController.m */ = {isa = PBXFileReference; lastKnownFileType = sourcecode.c.objc; path = LivePlayViewController.m; sourceTree = "<group>"; };
		1196DBA223731495006E6860 /* DbyConfig.h */ = {isa = PBXFileReference; lastKnownFileType = sourcecode.c.h; path = DbyConfig.h; sourceTree = "<group>"; };
		1A438AC77FA2F60D44BC90D0 /* Pods-DbyPaas-DbyPaas_Demo.debug.xcconfig */ = {isa = PBXFileReference; includeInIndex = 1; lastKnownFileType = text.xcconfig; name = "Pods-DbyPaas-DbyPaas_Demo.debug.xcconfig"; path = "Target Support Files/Pods-DbyPaas-DbyPaas_Demo/Pods-DbyPaas-DbyPaas_Demo.debug.xcconfig"; sourceTree = "<group>"; };
		514659DF9F70FF1CAEC018E0 /* Pods_DbyPaas_DbyPaas_Demo_OC.framework */ = {isa = PBXFileReference; explicitFileType = wrapper.framework; includeInIndex = 0; path = Pods_DbyPaas_DbyPaas_Demo_OC.framework; sourceTree = BUILT_PRODUCTS_DIR; };
		860E9147236829CA00324D49 /* DbyPaas_Demo.app */ = {isa = PBXFileReference; explicitFileType = wrapper.application; includeInIndex = 0; path = DbyPaas_Demo.app; sourceTree = BUILT_PRODUCTS_DIR; };
		860E914A236829CA00324D49 /* AppDelegate.swift */ = {isa = PBXFileReference; lastKnownFileType = sourcecode.swift; path = AppDelegate.swift; sourceTree = "<group>"; };
		860E914E236829CA00324D49 /* LivePlayEntranceViewController.swift */ = {isa = PBXFileReference; lastKnownFileType = sourcecode.swift; path = LivePlayEntranceViewController.swift; sourceTree = "<group>"; };
		860E9151236829CB00324D49 /* Base */ = {isa = PBXFileReference; lastKnownFileType = file.storyboard; name = Base; path = Base.lproj/Main.storyboard; sourceTree = "<group>"; };
		860E9153236829CB00324D49 /* Assets.xcassets */ = {isa = PBXFileReference; lastKnownFileType = folder.assetcatalog; path = Assets.xcassets; sourceTree = "<group>"; };
		860E9156236829CB00324D49 /* Base */ = {isa = PBXFileReference; lastKnownFileType = file.storyboard; name = Base; path = Base.lproj/LaunchScreen.storyboard; sourceTree = "<group>"; };
		860E9158236829CB00324D49 /* Info.plist */ = {isa = PBXFileReference; lastKnownFileType = text.plist.xml; path = Info.plist; sourceTree = "<group>"; };
		860E916323682CA500324D49 /* DbyVideoChatViewController.swift */ = {isa = PBXFileReference; lastKnownFileType = sourcecode.swift; path = DbyVideoChatViewController.swift; sourceTree = "<group>"; };
		860E91652368422B00324D49 /* KeyCenter.swift */ = {isa = PBXFileReference; lastKnownFileType = sourcecode.swift; path = KeyCenter.swift; sourceTree = "<group>"; };
		860E91A623696EE700324D49 /* PlaybackManager.swift */ = {isa = PBXFileReference; fileEncoding = 4; lastKnownFileType = sourcecode.swift; path = PlaybackManager.swift; sourceTree = "<group>"; };
		860E91A8236974F900324D49 /* DbyPaas_Demo-Bridging-Header.h */ = {isa = PBXFileReference; lastKnownFileType = sourcecode.c.h; path = "DbyPaas_Demo-Bridging-Header.h"; sourceTree = "<group>"; };
		860E91AC2369751100324D49 /* DbyPlaybackViewController.swift */ = {isa = PBXFileReference; lastKnownFileType = sourcecode.swift; path = DbyPlaybackViewController.swift; sourceTree = "<group>"; };
		860E91AE2369755F00324D49 /* PlayControlBar.swift */ = {isa = PBXFileReference; fileEncoding = 4; lastKnownFileType = sourcecode.swift; path = PlayControlBar.swift; sourceTree = "<group>"; };
		860E91B02369783100324D49 /* ChatTableViewCell.xib */ = {isa = PBXFileReference; fileEncoding = 4; lastKnownFileType = file.xib; path = ChatTableViewCell.xib; sourceTree = "<group>"; };
		860E91B12369783100324D49 /* ChatTableViewCell.swift */ = {isa = PBXFileReference; fileEncoding = 4; lastKnownFileType = sourcecode.swift; path = ChatTableViewCell.swift; sourceTree = "<group>"; };
		860E91B52369789900324D49 /* DbyPaasHelper.swift */ = {isa = PBXFileReference; lastKnownFileType = sourcecode.swift; path = DbyPaasHelper.swift; sourceTree = "<group>"; };
		860E91B7236979B800324D49 /* VideoCollectionViewCell.swift */ = {isa = PBXFileReference; fileEncoding = 4; lastKnownFileType = sourcecode.swift; path = VideoCollectionViewCell.swift; sourceTree = "<group>"; };
		860E91B8236979B800324D49 /* VideoCollectionViewCell.xib */ = {isa = PBXFileReference; fileEncoding = 4; lastKnownFileType = file.xib; path = VideoCollectionViewCell.xib; sourceTree = "<group>"; };
		860E91BB23697A3D00324D49 /* DbyPlaybackEntranceViewController.swift */ = {isa = PBXFileReference; lastKnownFileType = sourcecode.swift; path = DbyPlaybackEntranceViewController.swift; sourceTree = "<group>"; };
		86E6FBB32373ABF9009BC657 /* DbyUserModel.h */ = {isa = PBXFileReference; lastKnownFileType = sourcecode.c.h; path = DbyUserModel.h; sourceTree = "<group>"; };
		86E6FBB42373ABF9009BC657 /* DbyUserModel.m */ = {isa = PBXFileReference; lastKnownFileType = sourcecode.c.objc; path = DbyUserModel.m; sourceTree = "<group>"; };
		86E6FBB62373AEF7009BC657 /* LivePlayHelper.h */ = {isa = PBXFileReference; lastKnownFileType = sourcecode.c.h; path = LivePlayHelper.h; sourceTree = "<group>"; };
		86E6FBB72373AEF7009BC657 /* LivePlayHelper.m */ = {isa = PBXFileReference; lastKnownFileType = sourcecode.c.objc; path = LivePlayHelper.m; sourceTree = "<group>"; };
		A1E9FC248DBF75025CA0C9F2 /* Pods-DbyPaas_Demo.release.xcconfig */ = {isa = PBXFileReference; includeInIndex = 1; lastKnownFileType = text.xcconfig; name = "Pods-DbyPaas_Demo.release.xcconfig"; path = "Target Support Files/Pods-DbyPaas_Demo/Pods-DbyPaas_Demo.release.xcconfig"; sourceTree = "<group>"; };
		B617FAEA7A88A96283F3717B /* Pods-DbyPaas_Demo.debug.xcconfig */ = {isa = PBXFileReference; includeInIndex = 1; lastKnownFileType = text.xcconfig; name = "Pods-DbyPaas_Demo.debug.xcconfig"; path = "Target Support Files/Pods-DbyPaas_Demo/Pods-DbyPaas_Demo.debug.xcconfig"; sourceTree = "<group>"; };
		C5E4916AF39D9F9BD7C2CB3B /* Pods-DbyPaas-DbyPaas_Demo_OC.release.xcconfig */ = {isa = PBXFileReference; includeInIndex = 1; lastKnownFileType = text.xcconfig; name = "Pods-DbyPaas-DbyPaas_Demo_OC.release.xcconfig"; path = "Target Support Files/Pods-DbyPaas-DbyPaas_Demo_OC/Pods-DbyPaas-DbyPaas_Demo_OC.release.xcconfig"; sourceTree = "<group>"; };
		C68989E57885BF7C4A27992B /* Pods-DbyPaas-DbyPaas_Demo.release.xcconfig */ = {isa = PBXFileReference; includeInIndex = 1; lastKnownFileType = text.xcconfig; name = "Pods-DbyPaas-DbyPaas_Demo.release.xcconfig"; path = "Target Support Files/Pods-DbyPaas-DbyPaas_Demo/Pods-DbyPaas-DbyPaas_Demo.release.xcconfig"; sourceTree = "<group>"; };
		D38998D999DB3B3A0DF2BB2A /* Pods-DbyPaas-DbyPaas_Demo_OC.debug.xcconfig */ = {isa = PBXFileReference; includeInIndex = 1; lastKnownFileType = text.xcconfig; name = "Pods-DbyPaas-DbyPaas_Demo_OC.debug.xcconfig"; path = "Target Support Files/Pods-DbyPaas-DbyPaas_Demo_OC/Pods-DbyPaas-DbyPaas_Demo_OC.debug.xcconfig"; sourceTree = "<group>"; };
		E2947C07CE2526716D30F603 /* Pods_DbyPaas_DbyPaas_Demo.framework */ = {isa = PBXFileReference; explicitFileType = wrapper.framework; includeInIndex = 0; path = Pods_DbyPaas_DbyPaas_Demo.framework; sourceTree = BUILT_PRODUCTS_DIR; };
/* End PBXFileReference section */

/* Begin PBXFrameworksBuildPhase section */
		1196DB7E2373112A006E6860 /* Frameworks */ = {
			isa = PBXFrameworksBuildPhase;
			buildActionMask = 2147483647;
			files = (
				B1A9E4F643450F70887B28DB /* Pods_DbyPaas_DbyPaas_Demo_OC.framework in Frameworks */,
			);
			runOnlyForDeploymentPostprocessing = 0;
		};
		860E9144236829CA00324D49 /* Frameworks */ = {
			isa = PBXFrameworksBuildPhase;
			buildActionMask = 2147483647;
			files = (
				A99801595D00FD8EDB11F970 /* Pods_DbyPaas_DbyPaas_Demo.framework in Frameworks */,
			);
			runOnlyForDeploymentPostprocessing = 0;
		};
/* End PBXFrameworksBuildPhase section */

/* Begin PBXGroup section */
		017CF771E2187D466803DF68 /* Frameworks */ = {
			isa = PBXGroup;
			children = (
				E2947C07CE2526716D30F603 /* Pods_DbyPaas_DbyPaas_Demo.framework */,
				514659DF9F70FF1CAEC018E0 /* Pods_DbyPaas_DbyPaas_Demo_OC.framework */,
			);
			name = Frameworks;
			sourceTree = "<group>";
		};
		1196DB822373112A006E6860 /* DbyPaas_Demo_OC */ = {
			isa = PBXGroup;
			children = (
				86E6FBB22373ABB6009BC657 /* Models */,
				1196DB832373112A006E6860 /* AppDelegate.h */,
				1196DB842373112A006E6860 /* AppDelegate.m */,
				1196DB8C2373112A006E6860 /* Main.storyboard */,
				1196DB8F2373112F006E6860 /* Assets.xcassets */,
				1196DB912373112F006E6860 /* LaunchScreen.storyboard */,
				1196DB942373112F006E6860 /* Info.plist */,
				1196DB952373112F006E6860 /* main.m */,
				86E6FBB12373ABA2009BC657 /* LivePlay */,
				1196DBA223731495006E6860 /* DbyConfig.h */,
			);
			path = DbyPaas_Demo_OC;
			sourceTree = "<group>";
		};
		1196DB9B237313CC006E6860 /* Recovered References */ = {
			isa = PBXGroup;
			children = (
				06457E02B233CA1B6FEFA90F /* Pods_DbyPaas_Demo.framework */,
			);
			name = "Recovered References";
			sourceTree = "<group>";
		};
		860E913E236829CA00324D49 = {
			isa = PBXGroup;
			children = (
				860E9149236829CA00324D49 /* DbyPaas_Demo */,
				1196DB822373112A006E6860 /* DbyPaas_Demo_OC */,
				860E9148236829CA00324D49 /* Products */,
				E4729F2C9EF0383280BC568E /* Pods */,
				017CF771E2187D466803DF68 /* Frameworks */,
				1196DB9B237313CC006E6860 /* Recovered References */,
			);
			sourceTree = "<group>";
		};
		860E9148236829CA00324D49 /* Products */ = {
			isa = PBXGroup;
			children = (
				860E9147236829CA00324D49 /* DbyPaas_Demo.app */,
				1196DB812373112A006E6860 /* DbyPaas_Demo_OC.app */,
			);
			name = Products;
			sourceTree = "<group>";
		};
		860E9149236829CA00324D49 /* DbyPaas_Demo */ = {
			isa = PBXGroup;
			children = (
				86AA16EC2372774500742D91 /* LivePlay */,
				860E91A523696ED400324D49 /* Playback */,
				860E91B42369786600324D49 /* Helper */,
				860E914A236829CA00324D49 /* AppDelegate.swift */,
				860E9150236829CB00324D49 /* Main.storyboard */,
				860E9153236829CB00324D49 /* Assets.xcassets */,
				860E9155236829CB00324D49 /* LaunchScreen.storyboard */,
				860E9158236829CB00324D49 /* Info.plist */,
				860E91A8236974F900324D49 /* DbyPaas_Demo-Bridging-Header.h */,
			);
			path = DbyPaas_Demo;
			sourceTree = "<group>";
		};
		860E91A523696ED400324D49 /* Playback */ = {
			isa = PBXGroup;
			children = (
				860E91AC2369751100324D49 /* DbyPlaybackViewController.swift */,
				860E91BB23697A3D00324D49 /* DbyPlaybackEntranceViewController.swift */,
				860E91B7236979B800324D49 /* VideoCollectionViewCell.swift */,
				860E91B8236979B800324D49 /* VideoCollectionViewCell.xib */,
				860E91B12369783100324D49 /* ChatTableViewCell.swift */,
				860E91B02369783100324D49 /* ChatTableViewCell.xib */,
				860E91AE2369755F00324D49 /* PlayControlBar.swift */,
				860E91A623696EE700324D49 /* PlaybackManager.swift */,
			);
			path = Playback;
			sourceTree = "<group>";
		};
		860E91B42369786600324D49 /* Helper */ = {
			isa = PBXGroup;
			children = (
				860E91652368422B00324D49 /* KeyCenter.swift */,
				860E91B52369789900324D49 /* DbyPaasHelper.swift */,
			);
			path = Helper;
			sourceTree = "<group>";
		};
		86AA16EC2372774500742D91 /* LivePlay */ = {
			isa = PBXGroup;
			children = (
				860E914E236829CA00324D49 /* LivePlayEntranceViewController.swift */,
				860E916323682CA500324D49 /* DbyVideoChatViewController.swift */,
			);
			path = LivePlay;
			sourceTree = "<group>";
		};
		86E6FBB12373ABA2009BC657 /* LivePlay */ = {
			isa = PBXGroup;
			children = (
				1196DB9C2373143B006E6860 /* LivePlayEntranceViewController.h */,
				1196DB9D2373143B006E6860 /* LivePlayEntranceViewController.m */,
				1196DB9F2373144A006E6860 /* LivePlayViewController.h */,
				1196DBA02373144A006E6860 /* LivePlayViewController.m */,
				86E6FBB62373AEF7009BC657 /* LivePlayHelper.h */,
				86E6FBB72373AEF7009BC657 /* LivePlayHelper.m */,
			);
			path = LivePlay;
			sourceTree = "<group>";
		};
		86E6FBB22373ABB6009BC657 /* Models */ = {
			isa = PBXGroup;
			children = (
				86E6FBB32373ABF9009BC657 /* DbyUserModel.h */,
				86E6FBB42373ABF9009BC657 /* DbyUserModel.m */,
			);
			path = Models;
			sourceTree = "<group>";
		};
		E4729F2C9EF0383280BC568E /* Pods */ = {
			isa = PBXGroup;
			children = (
				B617FAEA7A88A96283F3717B /* Pods-DbyPaas_Demo.debug.xcconfig */,
				A1E9FC248DBF75025CA0C9F2 /* Pods-DbyPaas_Demo.release.xcconfig */,
				1A438AC77FA2F60D44BC90D0 /* Pods-DbyPaas-DbyPaas_Demo.debug.xcconfig */,
				C68989E57885BF7C4A27992B /* Pods-DbyPaas-DbyPaas_Demo.release.xcconfig */,
				D38998D999DB3B3A0DF2BB2A /* Pods-DbyPaas-DbyPaas_Demo_OC.debug.xcconfig */,
				C5E4916AF39D9F9BD7C2CB3B /* Pods-DbyPaas-DbyPaas_Demo_OC.release.xcconfig */,
			);
			path = Pods;
			sourceTree = "<group>";
		};
/* End PBXGroup section */

/* Begin PBXNativeTarget section */
		1196DB802373112A006E6860 /* DbyPaas_Demo_OC */ = {
			isa = PBXNativeTarget;
			buildConfigurationList = 1196DB992373112F006E6860 /* Build configuration list for PBXNativeTarget "DbyPaas_Demo_OC" */;
			buildPhases = (
				4A25BFA8BE2126C553F2C2DF /* [CP] Check Pods Manifest.lock */,
				1196DB7D2373112A006E6860 /* Sources */,
				1196DB7E2373112A006E6860 /* Frameworks */,
				1196DB7F2373112A006E6860 /* Resources */,
				2E0050C284F71B6150893941 /* [CP] Embed Pods Frameworks */,
			);
			buildRules = (
			);
			dependencies = (
			);
			name = DbyPaas_Demo_OC;
			productName = DbyPaas_Demo_OC;
			productReference = 1196DB812373112A006E6860 /* DbyPaas_Demo_OC.app */;
			productType = "com.apple.product-type.application";
		};
		860E9146236829CA00324D49 /* DbyPaas_Demo */ = {
			isa = PBXNativeTarget;
			buildConfigurationList = 860E915B236829CB00324D49 /* Build configuration list for PBXNativeTarget "DbyPaas_Demo" */;
			buildPhases = (
				E4792C91F2DDE649FEE87258 /* [CP] Check Pods Manifest.lock */,
				860E9143236829CA00324D49 /* Sources */,
				860E9144236829CA00324D49 /* Frameworks */,
				860E9145236829CA00324D49 /* Resources */,
				860E916223682A0000324D49 /* Embed Frameworks */,
				CA1E3DA02CAA3993F1D5816E /* [CP] Embed Pods Frameworks */,
			);
			buildRules = (
			);
			dependencies = (
			);
			name = DbyPaas_Demo;
			productName = DbyPaas_Demo;
			productReference = 860E9147236829CA00324D49 /* DbyPaas_Demo.app */;
			productType = "com.apple.product-type.application";
		};
/* End PBXNativeTarget section */

/* Begin PBXProject section */
		860E913F236829CA00324D49 /* Project object */ = {
			isa = PBXProject;
			attributes = {
				LastSwiftUpdateCheck = 1110;
				LastUpgradeCheck = 1110;
				ORGANIZATIONNAME = yxibng;
				TargetAttributes = {
					1196DB802373112A006E6860 = {
						CreatedOnToolsVersion = 11.2;
					};
					860E9146236829CA00324D49 = {
						CreatedOnToolsVersion = 11.1;
						LastSwiftMigration = 1110;
					};
				};
			};
			buildConfigurationList = 860E9142236829CA00324D49 /* Build configuration list for PBXProject "DbyPaas_Demo" */;
			compatibilityVersion = "Xcode 9.3";
			developmentRegion = en;
			hasScannedForEncodings = 0;
			knownRegions = (
				en,
				Base,
			);
			mainGroup = 860E913E236829CA00324D49;
			productRefGroup = 860E9148236829CA00324D49 /* Products */;
			projectDirPath = "";
			projectRoot = "";
			targets = (
				860E9146236829CA00324D49 /* DbyPaas_Demo */,
				1196DB802373112A006E6860 /* DbyPaas_Demo_OC */,
			);
		};
/* End PBXProject section */

/* Begin PBXResourcesBuildPhase section */
		1196DB7F2373112A006E6860 /* Resources */ = {
			isa = PBXResourcesBuildPhase;
			buildActionMask = 2147483647;
			files = (
				1196DB932373112F006E6860 /* LaunchScreen.storyboard in Resources */,
				1196DB902373112F006E6860 /* Assets.xcassets in Resources */,
				1196DB8E2373112A006E6860 /* Main.storyboard in Resources */,
			);
			runOnlyForDeploymentPostprocessing = 0;
		};
		860E9145236829CA00324D49 /* Resources */ = {
			isa = PBXResourcesBuildPhase;
			buildActionMask = 2147483647;
			files = (
				860E9157236829CB00324D49 /* LaunchScreen.storyboard in Resources */,
				860E91B22369783100324D49 /* ChatTableViewCell.xib in Resources */,
				860E91BA236979B800324D49 /* VideoCollectionViewCell.xib in Resources */,
				860E9154236829CB00324D49 /* Assets.xcassets in Resources */,
				860E9152236829CB00324D49 /* Main.storyboard in Resources */,
			);
			runOnlyForDeploymentPostprocessing = 0;
		};
/* End PBXResourcesBuildPhase section */

/* Begin PBXShellScriptBuildPhase section */
		2E0050C284F71B6150893941 /* [CP] Embed Pods Frameworks */ = {
			isa = PBXShellScriptBuildPhase;
			buildActionMask = 2147483647;
			files = (
			);
			inputFileListPaths = (
			);
			name = "[CP] Embed Pods Frameworks";
			outputFileListPaths = (
			);
			runOnlyForDeploymentPostprocessing = 0;
			shellPath = /bin/sh;
			shellScript = "\"${PODS_ROOT}/Target Support Files/Pods-DbyPaas-DbyPaas_Demo_OC/Pods-DbyPaas-DbyPaas_Demo_OC-frameworks.sh\"\n";
			showEnvVarsInLog = 0;
		};
		4A25BFA8BE2126C553F2C2DF /* [CP] Check Pods Manifest.lock */ = {
			isa = PBXShellScriptBuildPhase;
			buildActionMask = 2147483647;
			files = (
			);
			inputFileListPaths = (
			);
			inputPaths = (
				"${PODS_PODFILE_DIR_PATH}/Podfile.lock",
				"${PODS_ROOT}/Manifest.lock",
			);
			name = "[CP] Check Pods Manifest.lock";
			outputFileListPaths = (
			);
			outputPaths = (
				"$(DERIVED_FILE_DIR)/Pods-DbyPaas-DbyPaas_Demo_OC-checkManifestLockResult.txt",
			);
			runOnlyForDeploymentPostprocessing = 0;
			shellPath = /bin/sh;
			shellScript = "diff \"${PODS_PODFILE_DIR_PATH}/Podfile.lock\" \"${PODS_ROOT}/Manifest.lock\" > /dev/null\nif [ $? != 0 ] ; then\n    # print error to STDERR\n    echo \"error: The sandbox is not in sync with the Podfile.lock. Run 'pod install' or update your CocoaPods installation.\" >&2\n    exit 1\nfi\n# This output is used by Xcode 'outputs' to avoid re-running this script phase.\necho \"SUCCESS\" > \"${SCRIPT_OUTPUT_FILE_0}\"\n";
			showEnvVarsInLog = 0;
		};
		CA1E3DA02CAA3993F1D5816E /* [CP] Embed Pods Frameworks */ = {
			isa = PBXShellScriptBuildPhase;
			buildActionMask = 2147483647;
			files = (
			);
			inputFileListPaths = (
			);
			name = "[CP] Embed Pods Frameworks";
			outputFileListPaths = (
			);
			runOnlyForDeploymentPostprocessing = 0;
			shellPath = /bin/sh;
			shellScript = "\"${PODS_ROOT}/Target Support Files/Pods-DbyPaas-DbyPaas_Demo/Pods-DbyPaas-DbyPaas_Demo-frameworks.sh\"\n";
			showEnvVarsInLog = 0;
		};
		E4792C91F2DDE649FEE87258 /* [CP] Check Pods Manifest.lock */ = {
			isa = PBXShellScriptBuildPhase;
			buildActionMask = 2147483647;
			files = (
			);
			inputFileListPaths = (
			);
			inputPaths = (
				"${PODS_PODFILE_DIR_PATH}/Podfile.lock",
				"${PODS_ROOT}/Manifest.lock",
			);
			name = "[CP] Check Pods Manifest.lock";
			outputFileListPaths = (
			);
			outputPaths = (
				"$(DERIVED_FILE_DIR)/Pods-DbyPaas-DbyPaas_Demo-checkManifestLockResult.txt",
			);
			runOnlyForDeploymentPostprocessing = 0;
			shellPath = /bin/sh;
			shellScript = "diff \"${PODS_PODFILE_DIR_PATH}/Podfile.lock\" \"${PODS_ROOT}/Manifest.lock\" > /dev/null\nif [ $? != 0 ] ; then\n    # print error to STDERR\n    echo \"error: The sandbox is not in sync with the Podfile.lock. Run 'pod install' or update your CocoaPods installation.\" >&2\n    exit 1\nfi\n# This output is used by Xcode 'outputs' to avoid re-running this script phase.\necho \"SUCCESS\" > \"${SCRIPT_OUTPUT_FILE_0}\"\n";
			showEnvVarsInLog = 0;
		};
/* End PBXShellScriptBuildPhase section */

/* Begin PBXSourcesBuildPhase section */
		1196DB7D2373112A006E6860 /* Sources */ = {
			isa = PBXSourcesBuildPhase;
			buildActionMask = 2147483647;
			files = (
				86E6FBB82373AEF7009BC657 /* LivePlayHelper.m in Sources */,
				1196DB9E2373143B006E6860 /* LivePlayEntranceViewController.m in Sources */,
				1196DBA12373144A006E6860 /* LivePlayViewController.m in Sources */,
				1196DB852373112A006E6860 /* AppDelegate.m in Sources */,
				86E6FBB52373ABF9009BC657 /* DbyUserModel.m in Sources */,
				1196DB962373112F006E6860 /* main.m in Sources */,
			);
			runOnlyForDeploymentPostprocessing = 0;
		};
		860E9143236829CA00324D49 /* Sources */ = {
			isa = PBXSourcesBuildPhase;
			buildActionMask = 2147483647;
			files = (
				860E91662368422B00324D49 /* KeyCenter.swift in Sources */,
				860E91AD2369751100324D49 /* DbyPlaybackViewController.swift in Sources */,
				860E914F236829CA00324D49 /* LivePlayEntranceViewController.swift in Sources */,
				860E91BC23697A3D00324D49 /* DbyPlaybackEntranceViewController.swift in Sources */,
				860E91B62369789900324D49 /* DbyPaasHelper.swift in Sources */,
				860E914B236829CA00324D49 /* AppDelegate.swift in Sources */,
				860E91AF2369755F00324D49 /* PlayControlBar.swift in Sources */,
				860E91B32369783100324D49 /* ChatTableViewCell.swift in Sources */,
				860E916423682CA500324D49 /* DbyVideoChatViewController.swift in Sources */,
				860E91B9236979B800324D49 /* VideoCollectionViewCell.swift in Sources */,
				860E91A723696EE700324D49 /* PlaybackManager.swift in Sources */,
			);
			runOnlyForDeploymentPostprocessing = 0;
		};
/* End PBXSourcesBuildPhase section */

/* Begin PBXVariantGroup section */
		1196DB8C2373112A006E6860 /* Main.storyboard */ = {
			isa = PBXVariantGroup;
			children = (
				1196DB8D2373112A006E6860 /* Base */,
			);
			name = Main.storyboard;
			sourceTree = "<group>";
		};
		1196DB912373112F006E6860 /* LaunchScreen.storyboard */ = {
			isa = PBXVariantGroup;
			children = (
				1196DB922373112F006E6860 /* Base */,
			);
			name = LaunchScreen.storyboard;
			sourceTree = "<group>";
		};
		860E9150236829CB00324D49 /* Main.storyboard */ = {
			isa = PBXVariantGroup;
			children = (
				860E9151236829CB00324D49 /* Base */,
			);
			name = Main.storyboard;
			sourceTree = "<group>";
		};
		860E9155236829CB00324D49 /* LaunchScreen.storyboard */ = {
			isa = PBXVariantGroup;
			children = (
				860E9156236829CB00324D49 /* Base */,
			);
			name = LaunchScreen.storyboard;
			sourceTree = "<group>";
		};
/* End PBXVariantGroup section */

/* Begin XCBuildConfiguration section */
		1196DB972373112F006E6860 /* Debug */ = {
			isa = XCBuildConfiguration;
			baseConfigurationReference = D38998D999DB3B3A0DF2BB2A /* Pods-DbyPaas-DbyPaas_Demo_OC.debug.xcconfig */;
			buildSettings = {
				ASSETCATALOG_COMPILER_APPICON_NAME = AppIcon;
				CODE_SIGN_STYLE = Automatic;
				DEVELOPMENT_TEAM = VB8MVMJBU4;
				INFOPLIST_FILE = DbyPaas_Demo_OC/Info.plist;
				IPHONEOS_DEPLOYMENT_TARGET = 9.0;
				LD_RUNPATH_SEARCH_PATHS = (
					"$(inherited)",
					"@executable_path/Frameworks",
				);
				PRODUCT_BUNDLE_IDENTIFIER = "com.duobei.DbyPaas-Demo-OC";
				PRODUCT_NAME = "$(TARGET_NAME)";
				TARGETED_DEVICE_FAMILY = "1,2";
			};
			name = Debug;
		};
		1196DB982373112F006E6860 /* Release */ = {
			isa = XCBuildConfiguration;
			baseConfigurationReference = C5E4916AF39D9F9BD7C2CB3B /* Pods-DbyPaas-DbyPaas_Demo_OC.release.xcconfig */;
			buildSettings = {
				ASSETCATALOG_COMPILER_APPICON_NAME = AppIcon;
				CODE_SIGN_STYLE = Automatic;
				DEVELOPMENT_TEAM = VB8MVMJBU4;
				INFOPLIST_FILE = DbyPaas_Demo_OC/Info.plist;
				IPHONEOS_DEPLOYMENT_TARGET = 9.0;
				LD_RUNPATH_SEARCH_PATHS = (
					"$(inherited)",
					"@executable_path/Frameworks",
				);
				PRODUCT_BUNDLE_IDENTIFIER = "com.duobei.DbyPaas-Demo-OC";
				PRODUCT_NAME = "$(TARGET_NAME)";
				TARGETED_DEVICE_FAMILY = "1,2";
			};
			name = Release;
		};
		860E9159236829CB00324D49 /* Debug */ = {
			isa = XCBuildConfiguration;
			buildSettings = {
				ALWAYS_SEARCH_USER_PATHS = NO;
				CLANG_ANALYZER_NONNULL = YES;
				CLANG_ANALYZER_NUMBER_OBJECT_CONVERSION = YES_AGGRESSIVE;
				CLANG_CXX_LANGUAGE_STANDARD = "gnu++14";
				CLANG_CXX_LIBRARY = "libc++";
				CLANG_ENABLE_MODULES = YES;
				CLANG_ENABLE_OBJC_ARC = YES;
				CLANG_ENABLE_OBJC_WEAK = YES;
				CLANG_WARN_BLOCK_CAPTURE_AUTORELEASING = YES;
				CLANG_WARN_BOOL_CONVERSION = YES;
				CLANG_WARN_COMMA = YES;
				CLANG_WARN_CONSTANT_CONVERSION = YES;
				CLANG_WARN_DEPRECATED_OBJC_IMPLEMENTATIONS = YES;
				CLANG_WARN_DIRECT_OBJC_ISA_USAGE = YES_ERROR;
				CLANG_WARN_DOCUMENTATION_COMMENTS = YES;
				CLANG_WARN_EMPTY_BODY = YES;
				CLANG_WARN_ENUM_CONVERSION = YES;
				CLANG_WARN_INFINITE_RECURSION = YES;
				CLANG_WARN_INT_CONVERSION = YES;
				CLANG_WARN_NON_LITERAL_NULL_CONVERSION = YES;
				CLANG_WARN_OBJC_IMPLICIT_RETAIN_SELF = YES;
				CLANG_WARN_OBJC_LITERAL_CONVERSION = YES;
				CLANG_WARN_OBJC_ROOT_CLASS = YES_ERROR;
				CLANG_WARN_RANGE_LOOP_ANALYSIS = YES;
				CLANG_WARN_STRICT_PROTOTYPES = YES;
				CLANG_WARN_SUSPICIOUS_MOVE = YES;
				CLANG_WARN_UNGUARDED_AVAILABILITY = YES_AGGRESSIVE;
				CLANG_WARN_UNREACHABLE_CODE = YES;
				CLANG_WARN__DUPLICATE_METHOD_MATCH = YES;
				COPY_PHASE_STRIP = NO;
				DEBUG_INFORMATION_FORMAT = dwarf;
				ENABLE_STRICT_OBJC_MSGSEND = YES;
				ENABLE_TESTABILITY = YES;
				GCC_C_LANGUAGE_STANDARD = gnu11;
				GCC_DYNAMIC_NO_PIC = NO;
				GCC_NO_COMMON_BLOCKS = YES;
				GCC_OPTIMIZATION_LEVEL = 0;
				GCC_PREPROCESSOR_DEFINITIONS = (
					"DEBUG=1",
					"$(inherited)",
				);
				GCC_WARN_64_TO_32_BIT_CONVERSION = YES;
				GCC_WARN_ABOUT_RETURN_TYPE = YES_ERROR;
				GCC_WARN_UNDECLARED_SELECTOR = YES;
				GCC_WARN_UNINITIALIZED_AUTOS = YES_AGGRESSIVE;
				GCC_WARN_UNUSED_FUNCTION = YES;
				GCC_WARN_UNUSED_VARIABLE = YES;
				IPHONEOS_DEPLOYMENT_TARGET = 9.0;
				MTL_ENABLE_DEBUG_INFO = INCLUDE_SOURCE;
				MTL_FAST_MATH = YES;
				ONLY_ACTIVE_ARCH = YES;
				SDKROOT = iphoneos;
				SWIFT_ACTIVE_COMPILATION_CONDITIONS = DEBUG;
				SWIFT_OPTIMIZATION_LEVEL = "-Onone";
			};
			name = Debug;
		};
		860E915A236829CB00324D49 /* Release */ = {
			isa = XCBuildConfiguration;
			buildSettings = {
				ALWAYS_SEARCH_USER_PATHS = NO;
				CLANG_ANALYZER_NONNULL = YES;
				CLANG_ANALYZER_NUMBER_OBJECT_CONVERSION = YES_AGGRESSIVE;
				CLANG_CXX_LANGUAGE_STANDARD = "gnu++14";
				CLANG_CXX_LIBRARY = "libc++";
				CLANG_ENABLE_MODULES = YES;
				CLANG_ENABLE_OBJC_ARC = YES;
				CLANG_ENABLE_OBJC_WEAK = YES;
				CLANG_WARN_BLOCK_CAPTURE_AUTORELEASING = YES;
				CLANG_WARN_BOOL_CONVERSION = YES;
				CLANG_WARN_COMMA = YES;
				CLANG_WARN_CONSTANT_CONVERSION = YES;
				CLANG_WARN_DEPRECATED_OBJC_IMPLEMENTATIONS = YES;
				CLANG_WARN_DIRECT_OBJC_ISA_USAGE = YES_ERROR;
				CLANG_WARN_DOCUMENTATION_COMMENTS = YES;
				CLANG_WARN_EMPTY_BODY = YES;
				CLANG_WARN_ENUM_CONVERSION = YES;
				CLANG_WARN_INFINITE_RECURSION = YES;
				CLANG_WARN_INT_CONVERSION = YES;
				CLANG_WARN_NON_LITERAL_NULL_CONVERSION = YES;
				CLANG_WARN_OBJC_IMPLICIT_RETAIN_SELF = YES;
				CLANG_WARN_OBJC_LITERAL_CONVERSION = YES;
				CLANG_WARN_OBJC_ROOT_CLASS = YES_ERROR;
				CLANG_WARN_RANGE_LOOP_ANALYSIS = YES;
				CLANG_WARN_STRICT_PROTOTYPES = YES;
				CLANG_WARN_SUSPICIOUS_MOVE = YES;
				CLANG_WARN_UNGUARDED_AVAILABILITY = YES_AGGRESSIVE;
				CLANG_WARN_UNREACHABLE_CODE = YES;
				CLANG_WARN__DUPLICATE_METHOD_MATCH = YES;
				COPY_PHASE_STRIP = NO;
				DEBUG_INFORMATION_FORMAT = "dwarf-with-dsym";
				ENABLE_NS_ASSERTIONS = NO;
				ENABLE_STRICT_OBJC_MSGSEND = YES;
				GCC_C_LANGUAGE_STANDARD = gnu11;
				GCC_NO_COMMON_BLOCKS = YES;
				GCC_WARN_64_TO_32_BIT_CONVERSION = YES;
				GCC_WARN_ABOUT_RETURN_TYPE = YES_ERROR;
				GCC_WARN_UNDECLARED_SELECTOR = YES;
				GCC_WARN_UNINITIALIZED_AUTOS = YES_AGGRESSIVE;
				GCC_WARN_UNUSED_FUNCTION = YES;
				GCC_WARN_UNUSED_VARIABLE = YES;
				IPHONEOS_DEPLOYMENT_TARGET = 9.0;
				MTL_ENABLE_DEBUG_INFO = NO;
				MTL_FAST_MATH = YES;
				SDKROOT = iphoneos;
				SWIFT_COMPILATION_MODE = wholemodule;
				SWIFT_OPTIMIZATION_LEVEL = "-O";
				VALIDATE_PRODUCT = YES;
			};
			name = Release;
		};
		860E915C236829CB00324D49 /* Debug */ = {
			isa = XCBuildConfiguration;
			baseConfigurationReference = 1A438AC77FA2F60D44BC90D0 /* Pods-DbyPaas-DbyPaas_Demo.debug.xcconfig */;
			buildSettings = {
				ASSETCATALOG_COMPILER_APPICON_NAME = AppIcon;
				CLANG_ENABLE_MODULES = YES;
				CODE_SIGN_STYLE = Automatic;
				DEVELOPMENT_TEAM = VB8MVMJBU4;
				FRAMEWORK_SEARCH_PATHS = (
					"$(inherited)",
					"$(PROJECT_DIR)/DbyPaas_iOS/Release-universal",
					"$(PROJECT_DIR)/DbyPaas_Demo",
					"$(PROJECT_DIR)",
				);
				INFOPLIST_FILE = DbyPaas_Demo/Info.plist;
				LD_RUNPATH_SEARCH_PATHS = (
					"$(inherited)",
					"@executable_path/Frameworks",
				);
				PRODUCT_BUNDLE_IDENTIFIER = "com.duobei.DbyPaas-Demo";
				PRODUCT_NAME = "$(TARGET_NAME)";
				SWIFT_OBJC_BRIDGING_HEADER = "DbyPaas_Demo/DbyPaas_Demo-Bridging-Header.h";
				SWIFT_OPTIMIZATION_LEVEL = "-Onone";
				SWIFT_VERSION = 5.0;
				TARGETED_DEVICE_FAMILY = "1,2";
			};
			name = Debug;
		};
		860E915D236829CB00324D49 /* Release */ = {
			isa = XCBuildConfiguration;
			baseConfigurationReference = C68989E57885BF7C4A27992B /* Pods-DbyPaas-DbyPaas_Demo.release.xcconfig */;
			buildSettings = {
				ASSETCATALOG_COMPILER_APPICON_NAME = AppIcon;
				CLANG_ENABLE_MODULES = YES;
				CODE_SIGN_STYLE = Automatic;
				DEVELOPMENT_TEAM = VB8MVMJBU4;
				FRAMEWORK_SEARCH_PATHS = (
					"$(inherited)",
					"$(PROJECT_DIR)/DbyPaas_iOS/Release-universal",
					"$(PROJECT_DIR)/DbyPaas_Demo",
					"$(PROJECT_DIR)",
				);
				INFOPLIST_FILE = DbyPaas_Demo/Info.plist;
				LD_RUNPATH_SEARCH_PATHS = (
					"$(inherited)",
					"@executable_path/Frameworks",
				);
				PRODUCT_BUNDLE_IDENTIFIER = "com.duobei.DbyPaas-Demo";
				PRODUCT_NAME = "$(TARGET_NAME)";
				SWIFT_OBJC_BRIDGING_HEADER = "DbyPaas_Demo/DbyPaas_Demo-Bridging-Header.h";
				SWIFT_VERSION = 5.0;
				TARGETED_DEVICE_FAMILY = "1,2";
			};
			name = Release;
		};
/* End XCBuildConfiguration section */

/* Begin XCConfigurationList section */
		1196DB992373112F006E6860 /* Build configuration list for PBXNativeTarget "DbyPaas_Demo_OC" */ = {
			isa = XCConfigurationList;
			buildConfigurations = (
				1196DB972373112F006E6860 /* Debug */,
				1196DB982373112F006E6860 /* Release */,
			);
			defaultConfigurationIsVisible = 0;
			defaultConfigurationName = Release;
		};
		860E9142236829CA00324D49 /* Build configuration list for PBXProject "DbyPaas_Demo" */ = {
			isa = XCConfigurationList;
			buildConfigurations = (
				860E9159236829CB00324D49 /* Debug */,
				860E915A236829CB00324D49 /* Release */,
			);
			defaultConfigurationIsVisible = 0;
			defaultConfigurationName = Release;
		};
		860E915B236829CB00324D49 /* Build configuration list for PBXNativeTarget "DbyPaas_Demo" */ = {
			isa = XCConfigurationList;
			buildConfigurations = (
				860E915C236829CB00324D49 /* Debug */,
				860E915D236829CB00324D49 /* Release */,
			);
			defaultConfigurationIsVisible = 0;
			defaultConfigurationName = Release;
		};
/* End XCConfigurationList section */
	};
	rootObject = 860E913F236829CA00324D49 /* Project object */;
}
